// !$*UTF8*$!
{
	archiveVersion = 1;
	classes = {
	};
	objectVersion = 46;
	objects = {

/* Begin PBXBuildFile section */
		A764F9FD1CADB2870077BD95 /* AppDelegate.swift in Sources */ = {isa = PBXBuildFile; fileRef = A764F9FC1CADB2870077BD95 /* AppDelegate.swift */; };
		A764F9FF1CADB2870077BD95 /* ViewController.swift in Sources */ = {isa = PBXBuildFile; fileRef = A764F9FE1CADB2870077BD95 /* ViewController.swift */; };
		A764FA021CADB2870077BD95 /* Main.storyboard in Resources */ = {isa = PBXBuildFile; fileRef = A764FA001CADB2870077BD95 /* Main.storyboard */; };
		A764FA051CADB2870077BD95 /* Tutorial.xcdatamodeld in Sources */ = {isa = PBXBuildFile; fileRef = A764FA031CADB2870077BD95 /* Tutorial.xcdatamodeld */; };
		A764FA071CADB2870077BD95 /* Assets.xcassets in Resources */ = {isa = PBXBuildFile; fileRef = A764FA061CADB2870077BD95 /* Assets.xcassets */; };
		A764FA0A1CADB2870077BD95 /* LaunchScreen.storyboard in Resources */ = {isa = PBXBuildFile; fileRef = A764FA081CADB2870077BD95 /* LaunchScreen.storyboard */; };
		A764FA151CADB2870077BD95 /* TutorialTests.swift in Sources */ = {isa = PBXBuildFile; fileRef = A764FA141CADB2870077BD95 /* TutorialTests.swift */; };
		A764FA201CADB2870077BD95 /* TutorialUITests.swift in Sources */ = {isa = PBXBuildFile; fileRef = A764FA1F1CADB2870077BD95 /* TutorialUITests.swift */; };
/* End PBXBuildFile section */

/* Begin PBXContainerItemProxy section */
		A764FA111CADB2870077BD95 /* PBXContainerItemProxy */ = {
			isa = PBXContainerItemProxy;
			containerPortal = A764F9F11CADB2870077BD95 /* Project object */;
			proxyType = 1;
			remoteGlobalIDString = A764F9F81CADB2870077BD95;
			remoteInfo = Tutorial;
		};
		A764FA1C1CADB2870077BD95 /* PBXContainerItemProxy */ = {
			isa = PBXContainerItemProxy;
			containerPortal = A764F9F11CADB2870077BD95 /* Project object */;
			proxyType = 1;
			remoteGlobalIDString = A764F9F81CADB2870077BD95;
			remoteInfo = Tutorial;
		};
/* End PBXContainerItemProxy section */

/* Begin PBXFileReference section */
		A764F9F91CADB2870077BD95 /* Tutorial.app */ = {isa = PBXFileReference; explicitFileType = wrapper.application; includeInIndex = 0; path = Tutorial.app; sourceTree = BUILT_PRODUCTS_DIR; };
		A764F9FC1CADB2870077BD95 /* AppDelegate.swift */ = {isa = PBXFileReference; lastKnownFileType = sourcecode.swift; path = AppDelegate.swift; sourceTree = "<group>"; };
		A764F9FE1CADB2870077BD95 /* ViewController.swift */ = {isa = PBXFileReference; lastKnownFileType = sourcecode.swift; path = ViewController.swift; sourceTree = "<group>"; };
		A764FA011CADB2870077BD95 /* Base */ = {isa = PBXFileReference; lastKnownFileType = file.storyboard; name = Base; path = Base.lproj/Main.storyboard; sourceTree = "<group>"; };
		A764FA041CADB2870077BD95 /* Tutorial.xcdatamodel */ = {isa = PBXFileReference; lastKnownFileType = wrapper.xcdatamodel; path = Tutorial.xcdatamodel; sourceTree = "<group>"; };
		A764FA061CADB2870077BD95 /* Assets.xcassets */ = {isa = PBXFileReference; lastKnownFileType = folder.assetcatalog; path = Assets.xcassets; sourceTree = "<group>"; };
		A764FA091CADB2870077BD95 /* Base */ = {isa = PBXFileReference; lastKnownFileType = file.storyboard; name = Base; path = Base.lproj/LaunchScreen.storyboard; sourceTree = "<group>"; };
		A764FA0B1CADB2870077BD95 /* Info.plist */ = {isa = PBXFileReference; lastKnownFileType = text.plist.xml; path = Info.plist; sourceTree = "<group>"; };
		A764FA101CADB2870077BD95 /* TutorialTests.xctest */ = {isa = PBXFileReference; explicitFileType = wrapper.cfbundle; includeInIndex = 0; path = TutorialTests.xctest; sourceTree = BUILT_PRODUCTS_DIR; };
		A764FA141CADB2870077BD95 /* TutorialTests.swift */ = {isa = PBXFileReference; lastKnownFileType = sourcecode.swift; path = TutorialTests.swift; sourceTree = "<group>"; };
		A764FA161CADB2870077BD95 /* Info.plist */ = {isa = PBXFileReference; lastKnownFileType = text.plist.xml; path = Info.plist; sourceTree = "<group>"; };
		A764FA1B1CADB2870077BD95 /* TutorialUITests.xctest */ = {isa = PBXFileReference; explicitFileType = wrapper.cfbundle; includeInIndex = 0; path = TutorialUITests.xctest; sourceTree = BUILT_PRODUCTS_DIR; };
		A764FA1F1CADB2870077BD95 /* TutorialUITests.swift */ = {isa = PBXFileReference; lastKnownFileType = sourcecode.swift; path = TutorialUITests.swift; sourceTree = "<group>"; };
		A764FA211CADB2870077BD95 /* Info.plist */ = {isa = PBXFileReference; lastKnownFileType = text.plist.xml; path = Info.plist; sourceTree = "<group>"; };
/* End PBXFileReference section */

/* Begin PBXFrameworksBuildPhase section */
		A764F9F61CADB2870077BD95 /* Frameworks */ = {
			isa = PBXFrameworksBuildPhase;
			buildActionMask = 2147483647;
			files = (
			);
			runOnlyForDeploymentPostprocessing = 0;
		};
		A764FA0D1CADB2870077BD95 /* Frameworks */ = {
			isa = PBXFrameworksBuildPhase;
			buildActionMask = 2147483647;
			files = (
			);
			runOnlyForDeploymentPostprocessing = 0;
		};
		A764FA181CADB2870077BD95 /* Frameworks */ = {
			isa = PBXFrameworksBuildPhase;
			buildActionMask = 2147483647;
			files = (
			);
			runOnlyForDeploymentPostprocessing = 0;
		};
/* End PBXFrameworksBuildPhase section */

/* Begin PBXGroup section */
		A764F9F01CADB2870077BD95 = {
			isa = PBXGroup;
			children = (
				A764F9FB1CADB2870077BD95 /* Tutorial */,
				A764FA131CADB2870077BD95 /* TutorialTests */,
				A764FA1E1CADB2870077BD95 /* TutorialUITests */,
				A764F9FA1CADB2870077BD95 /* Products */,
			);
			sourceTree = "<group>";
		};
		A764F9FA1CADB2870077BD95 /* Products */ = {
			isa = PBXGroup;
			children = (
				A764F9F91CADB2870077BD95 /* Tutorial.app */,
				A764FA101CADB2870077BD95 /* TutorialTests.xctest */,
				A764FA1B1CADB2870077BD95 /* TutorialUITests.xctest */,
			);
			name = Products;
			sourceTree = "<group>";
		};
		A764F9FB1CADB2870077BD95 /* Tutorial */ = {
			isa = PBXGroup;
			children = (
				A764F9FC1CADB2870077BD95 /* AppDelegate.swift */,
				A764F9FE1CADB2870077BD95 /* ViewController.swift */,
				A764FA001CADB2870077BD95 /* Main.storyboard */,
				A764FA061CADB2870077BD95 /* Assets.xcassets */,
				A764FA081CADB2870077BD95 /* LaunchScreen.storyboard */,
				A764FA0B1CADB2870077BD95 /* Info.plist */,
				A764FA031CADB2870077BD95 /* Tutorial.xcdatamodeld */,
			);
			path = Tutorial;
			sourceTree = "<group>";
		};
		A764FA131CADB2870077BD95 /* TutorialTests */ = {
			isa = PBXGroup;
			children = (
				A764FA141CADB2870077BD95 /* TutorialTests.swift */,
				A764FA161CADB2870077BD95 /* Info.plist */,
			);
			path = TutorialTests;
			sourceTree = "<group>";
		};
		A764FA1E1CADB2870077BD95 /* TutorialUITests */ = {
			isa = PBXGroup;
			children = (
				A764FA1F1CADB2870077BD95 /* TutorialUITests.swift */,
				A764FA211CADB2870077BD95 /* Info.plist */,
			);
			path = TutorialUITests;
			sourceTree = "<group>";
		};
/* End PBXGroup section */

/* Begin PBXNativeTarget section */
		A764F9F81CADB2870077BD95 /* Tutorial */ = {
			isa = PBXNativeTarget;
			buildConfigurationList = A764FA241CADB2870077BD95 /* Build configuration list for PBXNativeTarget "Tutorial" */;
			buildPhases = (
				A764F9F51CADB2870077BD95 /* Sources */,
				A764F9F61CADB2870077BD95 /* Frameworks */,
				A764F9F71CADB2870077BD95 /* Resources */,
			);
			buildRules = (
			);
			dependencies = (
			);
			name = Tutorial;
			productName = Tutorial;
			productReference = A764F9F91CADB2870077BD95 /* Tutorial.app */;
			productType = "com.apple.product-type.application";
		};
		A764FA0F1CADB2870077BD95 /* TutorialTests */ = {
			isa = PBXNativeTarget;
			buildConfigurationList = A764FA271CADB2870077BD95 /* Build configuration list for PBXNativeTarget "TutorialTests" */;
			buildPhases = (
				A764FA0C1CADB2870077BD95 /* Sources */,
				A764FA0D1CADB2870077BD95 /* Frameworks */,
				A764FA0E1CADB2870077BD95 /* Resources */,
			);
			buildRules = (
			);
			dependencies = (
				A764FA121CADB2870077BD95 /* PBXTargetDependency */,
			);
			name = TutorialTests;
			productName = TutorialTests;
			productReference = A764FA101CADB2870077BD95 /* TutorialTests.xctest */;
			productType = "com.apple.product-type.bundle.unit-test";
		};
		A764FA1A1CADB2870077BD95 /* TutorialUITests */ = {
			isa = PBXNativeTarget;
			buildConfigurationList = A764FA2A1CADB2870077BD95 /* Build configuration list for PBXNativeTarget "TutorialUITests" */;
			buildPhases = (
				A764FA171CADB2870077BD95 /* Sources */,
				A764FA181CADB2870077BD95 /* Frameworks */,
				A764FA191CADB2870077BD95 /* Resources */,
			);
			buildRules = (
			);
			dependencies = (
				A764FA1D1CADB2870077BD95 /* PBXTargetDependency */,
			);
			name = TutorialUITests;
			productName = TutorialUITests;
			productReference = A764FA1B1CADB2870077BD95 /* TutorialUITests.xctest */;
			productType = "com.apple.product-type.bundle.ui-testing";
		};
/* End PBXNativeTarget section */

/* Begin PBXProject section */
		A764F9F11CADB2870077BD95 /* Project object */ = {
			isa = PBXProject;
			attributes = {
				LastSwiftUpdateCheck = 0730;
				LastUpgradeCheck = 0730;
				ORGANIZATIONNAME = "Leonardo Walcher";
				TargetAttributes = {
					A764F9F81CADB2870077BD95 = {
						CreatedOnToolsVersion = 7.3;
						DevelopmentTeam = CF8KEZF99B;
					};
					A764FA0F1CADB2870077BD95 = {
						CreatedOnToolsVersion = 7.3;
						TestTargetID = A764F9F81CADB2870077BD95;
					};
					A764FA1A1CADB2870077BD95 = {
						CreatedOnToolsVersion = 7.3;
						TestTargetID = A764F9F81CADB2870077BD95;
					};
				};
			};
			buildConfigurationList = A764F9F41CADB2870077BD95 /* Build configuration list for PBXProject "Tutorial" */;
			compatibilityVersion = "Xcode 3.2";
			developmentRegion = English;
			hasScannedForEncodings = 0;
			knownRegions = (
				en,
				Base,
			);
			mainGroup = A764F9F01CADB2870077BD95;
			productRefGroup = A764F9FA1CADB2870077BD95 /* Products */;
			projectDirPath = "";
			projectRoot = "";
			targets = (
				A764F9F81CADB2870077BD95 /* Tutorial */,
				A764FA0F1CADB2870077BD95 /* TutorialTests */,
				A764FA1A1CADB2870077BD95 /* TutorialUITests */,
			);
		};
/* End PBXProject section */

/* Begin PBXResourcesBuildPhase section */
		A764F9F71CADB2870077BD95 /* Resources */ = {
			isa = PBXResourcesBuildPhase;
			buildActionMask = 2147483647;
			files = (
				A764FA0A1CADB2870077BD95 /* LaunchScreen.storyboard in Resources */,
				A764FA071CADB2870077BD95 /* Assets.xcassets in Resources */,
				A764FA021CADB2870077BD95 /* Main.storyboard in Resources */,
			);
			runOnlyForDeploymentPostprocessing = 0;
		};
		A764FA0E1CADB2870077BD95 /* Resources */ = {
			isa = PBXResourcesBuildPhase;
			buildActionMask = 2147483647;
			files = (
			);
			runOnlyForDeploymentPostprocessing = 0;
		};
		A764FA191CADB2870077BD95 /* Resources */ = {
			isa = PBXResourcesBuildPhase;
			buildActionMask = 2147483647;
			files = (
			);
			runOnlyForDeploymentPostprocessing = 0;
		};
/* End PBXResourcesBuildPhase section */

/* Begin PBXSourcesBuildPhase section */
		A764F9F51CADB2870077BD95 /* Sources */ = {
			isa = PBXSourcesBuildPhase;
			buildActionMask = 2147483647;
			files = (
				A764F9FF1CADB2870077BD95 /* ViewController.swift in Sources */,
				A764F9FD1CADB2870077BD95 /* AppDelegate.swift in Sources */,
				A764FA051CADB2870077BD95 /* Tutorial.xcdatamodeld in Sources */,
			);
			runOnlyForDeploymentPostprocessing = 0;
		};
		A764FA0C1CADB2870077BD95 /* Sources */ = {
			isa = PBXSourcesBuildPhase;
			buildActionMask = 2147483647;
			files = (
				A764FA151CADB2870077BD95 /* TutorialTests.swift in Sources */,
			);
			runOnlyForDeploymentPostprocessing = 0;
		};
		A764FA171CADB2870077BD95 /* Sources */ = {
			isa = PBXSourcesBuildPhase;
			buildActionMask = 2147483647;
			files = (
				A764FA201CADB2870077BD95 /* TutorialUITests.swift in Sources */,
			);
			runOnlyForDeploymentPostprocessing = 0;
		};
/* End PBXSourcesBuildPhase section */

/* Begin PBXTargetDependency section */
		A764FA121CADB2870077BD95 /* PBXTargetDependency */ = {
			isa = PBXTargetDependency;
			target = A764F9F81CADB2870077BD95 /* Tutorial */;
			targetProxy = A764FA111CADB2870077BD95 /* PBXContainerItemProxy */;
		};
		A764FA1D1CADB2870077BD95 /* PBXTargetDependency */ = {
			isa = PBXTargetDependency;
			target = A764F9F81CADB2870077BD95 /* Tutorial */;
			targetProxy = A764FA1C1CADB2870077BD95 /* PBXContainerItemProxy */;
		};
/* End PBXTargetDependency section */

/* Begin PBXVariantGroup section */
		A764FA001CADB2870077BD95 /* Main.storyboard */ = {
			isa = PBXVariantGroup;
			children = (
				A764FA011CADB2870077BD95 /* Base */,
			);
			name = Main.storyboard;
			sourceTree = "<group>";
		};
		A764FA081CADB2870077BD95 /* LaunchScreen.storyboard */ = {
			isa = PBXVariantGroup;
			children = (
				A764FA091CADB2870077BD95 /* Base */,
			);
			name = LaunchScreen.storyboard;
			sourceTree = "<group>";
		};
/* End PBXVariantGroup section */

/* Begin XCBuildConfiguration section */
		A764FA221CADB2870077BD95 /* Debug */ = {
			isa = XCBuildConfiguration;
			buildSettings = {
				ALWAYS_SEARCH_USER_PATHS = NO;
				CLANG_ANALYZER_NONNULL = YES;
				CLANG_CXX_LANGUAGE_STANDARD = "gnu++0x";
				CLANG_CXX_LIBRARY = "libc++";
				CLANG_ENABLE_MODULES = YES;
				CLANG_ENABLE_OBJC_ARC = YES;
				CLANG_WARN_BOOL_CONVERSION = YES;
				CLANG_WARN_CONSTANT_CONVERSION = YES;
				CLANG_WARN_DIRECT_OBJC_ISA_USAGE = YES_ERROR;
				CLANG_WARN_EMPTY_BODY = YES;
				CLANG_WARN_ENUM_CONVERSION = YES;
				CLANG_WARN_INT_CONVERSION = YES;
				CLANG_WARN_OBJC_ROOT_CLASS = YES_ERROR;
				CLANG_WARN_UNREACHABLE_CODE = YES;
				CLANG_WARN__DUPLICATE_METHOD_MATCH = YES;
				"CODE_SIGN_IDENTITY[sdk=iphoneos*]" = "iPhone Developer";
				COPY_PHASE_STRIP = NO;
				DEBUG_INFORMATION_FORMAT = dwarf;
				ENABLE_STRICT_OBJC_MSGSEND = YES;
				ENABLE_TESTABILITY = YES;
				GCC_C_LANGUAGE_STANDARD = gnu99;
				GCC_DYNAMIC_NO_PIC = NO;
				GCC_NO_COMMON_BLOCKS = YES;
				GCC_OPTIMIZATION_LEVEL = 0;
				GCC_PREPROCESSOR_DEFINITIONS = (
					"DEBUG=1",
					"$(inherited)",
				);
				GCC_WARN_64_TO_32_BIT_CONVERSION = YES;
				GCC_WARN_ABOUT_RETURN_TYPE = YES_ERROR;
				GCC_WARN_UNDECLARED_SELECTOR = YES;
				GCC_WARN_UNINITIALIZED_AUTOS = YES_AGGRESSIVE;
				GCC_WARN_UNUSED_FUNCTION = YES;
				GCC_WARN_UNUSED_VARIABLE = YES;
				IPHONEOS_DEPLOYMENT_TARGET = 9.3;
				MTL_ENABLE_DEBUG_INFO = YES;
				ONLY_ACTIVE_ARCH = YES;
				SDKROOT = iphoneos;
				SWIFT_OPTIMIZATION_LEVEL = "-Onone";
			};
			name = Debug;
		};
		A764FA231CADB2870077BD95 /* Release */ = {
			isa = XCBuildConfiguration;
			buildSettings = {
				ALWAYS_SEARCH_USER_PATHS = NO;
				CLANG_ANALYZER_NONNULL = YES;
				CLANG_CXX_LANGUAGE_STANDARD = "gnu++0x";
				CLANG_CXX_LIBRARY = "libc++";
				CLANG_ENABLE_MODULES = YES;
				CLANG_ENABLE_OBJC_ARC = YES;
				CLANG_WARN_BOOL_CONVERSION = YES;
				CLANG_WARN_CONSTANT_CONVERSION = YES;
				CLANG_WARN_DIRECT_OBJC_ISA_USAGE = YES_ERROR;
				CLANG_WARN_EMPTY_BODY = YES;
				CLANG_WARN_ENUM_CONVERSION = YES;
				CLANG_WARN_INT_CONVERSION = YES;
				CLANG_WARN_OBJC_ROOT_CLASS = YES_ERROR;
				CLANG_WARN_UNREACHABLE_CODE = YES;
				CLANG_WARN__DUPLICATE_METHOD_MATCH = YES;
				"CODE_SIGN_IDENTITY[sdk=iphoneos*]" = "iPhone Developer";
				COPY_PHASE_STRIP = NO;
				DEBUG_INFORMATION_FORMAT = "dwarf-with-dsym";
				ENABLE_NS_ASSERTIONS = NO;
				ENABLE_STRICT_OBJC_MSGSEND = YES;
				GCC_C_LANGUAGE_STANDARD = gnu99;
				GCC_NO_COMMON_BLOCKS = YES;
				GCC_WARN_64_TO_32_BIT_CONVERSION = YES;
				GCC_WARN_ABOUT_RETURN_TYPE = YES_ERROR;
				GCC_WARN_UNDECLARED_SELECTOR = YES;
				GCC_WARN_UNINITIALIZED_AUTOS = YES_AGGRESSIVE;
				GCC_WARN_UNUSED_FUNCTION = YES;
				GCC_WARN_UNUSED_VARIABLE = YES;
				IPHONEOS_DEPLOYMENT_TARGET = 9.3;
				MTL_ENABLE_DEBUG_INFO = NO;
				SDKROOT = iphoneos;
				VALIDATE_PRODUCT = YES;
			};
			name = Release;
		};
		A764FA251CADB2870077BD95 /* Debug */ = {
			isa = XCBuildConfiguration;
			buildSettings = {
				ASSETCATALOG_COMPILER_APPICON_NAME = AppIcon;
				CODE_SIGN_IDENTITY = "iPhone Developer";
				INFOPLIST_FILE = Tutorial/Info.plist;
				LD_RUNPATH_SEARCH_PATHS = "$(inherited) @executable_path/Frameworks";
				PRODUCT_BUNDLE_IDENTIFIER = com.LWGames.Tutorial;
				PRODUCT_NAME = "$(TARGET_NAME)";
				TARGETED_DEVICE_FAMILY = "1,2";
			};
			name = Debug;
		};
		A764FA261CADB2870077BD95 /* Release */ = {
			isa = XCBuildConfiguration;
			buildSettings = {
				ASSETCATALOG_COMPILER_APPICON_NAME = AppIcon;
				CODE_SIGN_IDENTITY = "iPhone Developer";
				INFOPLIST_FILE = Tutorial/Info.plist;
				LD_RUNPATH_SEARCH_PATHS = "$(inherited) @executable_path/Frameworks";
				PRODUCT_BUNDLE_IDENTIFIER = com.LWGames.Tutorial;
				PRODUCT_NAME = "$(TARGET_NAME)";
				TARGETED_DEVICE_FAMILY = "1,2";
			};
			name = Release;
		};
		A764FA281CADB2870077BD95 /* Debug */ = {
			isa = XCBuildConfiguration;
			buildSettings = {
				BUNDLE_LOADER = "$(TEST_HOST)";
				INFOPLIST_FILE = TutorialTests/Info.plist;
				LD_RUNPATH_SEARCH_PATHS = "$(inherited) @executable_path/Frameworks @loader_path/Frameworks";
				PRODUCT_BUNDLE_IDENTIFIER = com.LWGames.TutorialTests;
				PRODUCT_NAME = "$(TARGET_NAME)";
				TEST_HOST = "$(BUILT_PRODUCTS_DIR)/Tutorial.app/Tutorial";
			};
			name = Debug;
		};
		A764FA291CADB2870077BD95 /* Release */ = {
			isa = XCBuildConfiguration;
			buildSettings = {
				BUNDLE_LOADER = "$(TEST_HOST)";
				INFOPLIST_FILE = TutorialTests/Info.plist;
				LD_RUNPATH_SEARCH_PATHS = "$(inherited) @executable_path/Frameworks @loader_path/Frameworks";
				PRODUCT_BUNDLE_IDENTIFIER = com.LWGames.TutorialTests;
				PRODUCT_NAME = "$(TARGET_NAME)";
				TEST_HOST = "$(BUILT_PRODUCTS_DIR)/Tutorial.app/Tutorial";
			};
			name = Release;
		};
		A764FA2B1CADB2870077BD95 /* Debug */ = {
			isa = XCBuildConfiguration;
			buildSettings = {
				INFOPLIST_FILE = TutorialUITests/Info.plist;
				LD_RUNPATH_SEARCH_PATHS = "$(inherited) @executable_path/Frameworks @loader_path/Frameworks";
				PRODUCT_BUNDLE_IDENTIFIER = com.LWGames.TutorialUITests;
				PRODUCT_NAME = "$(TARGET_NAME)";
				TEST_TARGET_NAME = Tutorial;
			};
			name = Debug;
		};
		A764FA2C1CADB2870077BD95 /* Release */ = {
			isa = XCBuildConfiguration;
			buildSettings = {
				INFOPLIST_FILE = TutorialUITests/Info.plist;
				LD_RUNPATH_SEARCH_PATHS = "$(inherited) @executable_path/Frameworks @loader_path/Frameworks";
				PRODUCT_BUNDLE_IDENTIFIER = com.LWGames.TutorialUITests;
				PRODUCT_NAME = "$(TARGET_NAME)";
				TEST_TARGET_NAME = Tutorial;
			};
			name = Release;
		};
/* End XCBuildConfiguration section */

/* Begin XCConfigurationList section */
		A764F9F41CADB2870077BD95 /* Build configuration list for PBXProject "Tutorial" */ = {
			isa = XCConfigurationList;
			buildConfigurations = (
				A764FA221CADB2870077BD95 /* Debug */,
				A764FA231CADB2870077BD95 /* Release */,
			);
			defaultConfigurationIsVisible = 0;
			defaultConfigurationName = Release;
		};
		A764FA241CADB2870077BD95 /* Build configuration list for PBXNativeTarget "Tutorial" */ = {
			isa = XCConfigurationList;
			buildConfigurations = (
				A764FA251CADB2870077BD95 /* Debug */,
				A764FA261CADB2870077BD95 /* Release */,
			);
			defaultConfigurationIsVisible = 0;
			defaultConfigurationName = Release;
		};
		A764FA271CADB2870077BD95 /* Build configuration list for PBXNativeTarget "TutorialTests" */ = {
			isa = XCConfigurationList;
			buildConfigurations = (
				A764FA281CADB2870077BD95 /* Debug */,
				A764FA291CADB2870077BD95 /* Release */,
			);
			defaultConfigurationIsVisible = 0;
			defaultConfigurationName = Release;
		};
		A764FA2A1CADB2870077BD95 /* Build configuration list for PBXNativeTarget "TutorialUITests" */ = {
			isa = XCConfigurationList;
			buildConfigurations = (
				A764FA2B1CADB2870077BD95 /* Debug */,
				A764FA2C1CADB2870077BD95 /* Release */,
			);
			defaultConfigurationIsVisible = 0;
			defaultConfigurationName = Release;
		};
/* End XCConfigurationList section */

/* Begin XCVersionGroup section */
		A764FA031CADB2870077BD95 /* Tutorial.xcdatamodeld */ = {
			isa = XCVersionGroup;
			children = (
				A764FA041CADB2870077BD95 /* Tutorial.xcdatamodel */,
			);
			currentVersion = A764FA041CADB2870077BD95 /* Tutorial.xcdatamodel */;
			path = Tutorial.xcdatamodeld;
			sourceTree = "<group>";
			versionGroupType = wrapper.xcdatamodel;
		};
/* End XCVersionGroup section */
	};
	rootObject = A764F9F11CADB2870077BD95 /* Project object */;
}
